<?xml version="1.0" encoding="utf-8"?>
<Project ToolsVersion="4.0" xmlns="http://schemas.microsoft.com/developer/msbuild/2003">
  <ItemGroup>
    <ClCompile Include="character.cpp" />
    <ClCompile Include="gameConfig.cpp" />
    <ClCompile Include="host\FolderWatcher-win.cpp">
      <Filter>host</Filter>
    </ClCompile>
    <ClCompile Include="host\GlutHost.cpp">
      <Filter>host</Filter>
    </ClCompile>
    <ClCompile Include="host\GlutHostMain.cpp">
      <Filter>host</Filter>
    </ClCompile>
    <ClCompile Include="host\ParticlePresets.cpp">
      <Filter>host</Filter>
    </ClCompile>
    <ClCompile Include="stdafx.cpp" />
    <ClCompile Include="params.cpp" />
    <ClCompile Include="pathfinding\pathfinder.cpp">
      <Filter>pathfinder</Filter>
    </ClCompile>
    <ClCompile Include="stateMachine.cpp">
      <Filter>state_machine</Filter>
    </ClCompile>
    <ClCompile Include="change_sprite_action.cpp">
      <Filter>state_machine</Filter>
    </ClCompile>
    <ClCompile Include="state.cpp">
      <Filter>state_machine</Filter>
    </ClCompile>
    <ClCompile Include="transition.cpp">
      <Filter>state_machine</Filter>
    </ClCompile>
    <ClCompile Include="behavior.cpp">
      <Filter>behavior_tree</Filter>
    </ClCompile>
    <ClCompile Include="selector.cpp">
      <Filter>behavior_tree</Filter>
    </ClCompile>
    <ClCompile Include="sequence.cpp">
      <Filter>behavior_tree</Filter>
    </ClCompile>
    <ClCompile Include="is_close.cpp">
      <Filter>behavior_tree</Filter>
    </ClCompile>
    <ClCompile Include="pursue.cpp">
      <Filter>behavior_tree</Filter>
    </ClCompile>
    <ClCompile Include="behavior_tree.cpp">
      <Filter>behavior_tree</Filter>
    </ClCompile>
    <ClCompile Include="idle.cpp">
      <Filter>behavior_tree</Filter>
    </ClCompile>
    <ClCompile Include="attack.cpp">
      <Filter>behavior_tree</Filter>
    </ClCompile>
    <ClCompile Include="check_hit.cpp">
      <Filter>behavior_tree</Filter>
    </ClCompile>
    <ClCompile Include="hit.cpp">
      <Filter>behavior_tree</Filter>
    </ClCompile>
    <ClCompile Include="is_dead.cpp">
      <Filter>behavior_tree</Filter>
    </ClCompile>
    <ClCompile Include="death.cpp">
      <Filter>behavior_tree</Filter>
    </ClCompile>
    <ClCompile Include="pathFollowingSteering.cpp">
      <Filter>steering_behaviors</Filter>
    </ClCompile>
    <ClCompile Include="pursueSteering.cpp">
      <Filter>steering_behaviors</Filter>
    </ClCompile>
    <ClCompile Include="seekSteering.cpp">
      <Filter>steering_behaviors</Filter>
    </ClCompile>
    <ClCompile Include="alignSteering.cpp">
      <Filter>steering_behaviors</Filter>
    </ClCompile>
    <ClCompile Include="alignToMovementSteering.cpp">
      <Filter>steering_behaviors</Filter>
    </ClCompile>
    <ClCompile Include="arriveSteering.cpp">
      <Filter>steering_behaviors</Filter>
    </ClCompile>
    <ClCompile Include="obstacleAvoidanceSteering.cpp">
      <Filter>steering_behaviors</Filter>
    </ClCompile>
    <ClCompile Include="map_node.cpp">
      <Filter>pathfinder</Filter>
    </ClCompile>
    <ClCompile Include="distance_condition.cpp">
      <Filter>state_machine</Filter>
    </ClCompile>
    <ClCompile Include="hit_condition.cpp">
      <Filter>state_machine</Filter>
    </ClCompile>
    <ClCompile Include="hit_action.cpp">
      <Filter>state_machine</Filter>
    </ClCompile>
    <ClCompile Include="dead_condition.cpp">
      <Filter>state_machine</Filter>
    </ClCompile>
    <ClCompile Include="change_sprite.cpp">
      <Filter>behavior_tree</Filter>
    </ClCompile>
    <ClCompile Include="group.cpp">
      <Filter>behavior_tree</Filter>
    </ClCompile>
    <ClCompile Include="death_action.cpp">
      <Filter>state_machine</Filter>
    </ClCompile>
    <ClCompile Include="idle_action.cpp">
      <Filter>state_machine</Filter>
    </ClCompile>
    <ClCompile Include="chase_action.cpp">
      <Filter>state_machine</Filter>
    </ClCompile>
  </ItemGroup>
  <ItemGroup>
    <ClInclude Include="character.h" />
    <ClInclude Include="gameConfig.h" />
    <ClInclude Include="host\FolderWatcher-win.h">
      <Filter>host</Filter>
    </ClInclude>
    <ClInclude Include="host\GlutHost.h">
      <Filter>host</Filter>
    </ClInclude>
    <ClInclude Include="host\ParticlePresets.h">
      <Filter>host</Filter>
    </ClInclude>
    <ClInclude Include="stdafx.h" />
    <ClInclude Include="params.h" />
    <ClInclude Include="pathfinding\pathfinder.h">
      <Filter>pathfinder</Filter>
    </ClInclude>
    <ClInclude Include="state.h">
      <Filter>state_machine</Filter>
    </ClInclude>
    <ClInclude Include="transition.h">
      <Filter>state_machine</Filter>
    </ClInclude>
    <ClInclude Include="condition.h">
      <Filter>state_machine</Filter>
    </ClInclude>
    <ClInclude Include="action.h">
      <Filter>state_machine</Filter>
    </ClInclude>
    <ClInclude Include="stateMachine.h">
      <Filter>state_machine</Filter>
    </ClInclude>
    <ClInclude Include="change_sprite_action.h">
      <Filter>state_machine</Filter>
    </ClInclude>
    <ClInclude Include="behavior.h">
      <Filter>behavior_tree</Filter>
    </ClInclude>
    <ClInclude Include="group.h">
      <Filter>behavior_tree</Filter>
    </ClInclude>
    <ClInclude Include="selector.h">
      <Filter>behavior_tree</Filter>
    </ClInclude>
    <ClInclude Include="sequence.h">
      <Filter>behavior_tree</Filter>
    </ClInclude>
    <ClInclude Include="is_close.h">
      <Filter>behavior_tree</Filter>
    </ClInclude>
    <ClInclude Include="pursue.h">
      <Filter>behavior_tree</Filter>
    </ClInclude>
    <ClInclude Include="behavior_tree.h">
      <Filter>behavior_tree</Filter>
    </ClInclude>
    <ClInclude Include="idle.h">
      <Filter>behavior_tree</Filter>
    </ClInclude>
    <ClInclude Include="attack.h">
      <Filter>behavior_tree</Filter>
    </ClInclude>
    <ClInclude Include="check_hit.h">
      <Filter>behavior_tree</Filter>
    </ClInclude>
    <ClInclude Include="hit.h">
      <Filter>behavior_tree</Filter>
    </ClInclude>
    <ClInclude Include="is_dead.h">
      <Filter>behavior_tree</Filter>
    </ClInclude>
    <ClInclude Include="death.h">
      <Filter>behavior_tree</Filter>
    </ClInclude>
    <ClInclude Include="baseSteering.h">
      <Filter>steering_behaviors</Filter>
    </ClInclude>
    <ClInclude Include="pathFollowingSteering.h">
      <Filter>steering_behaviors</Filter>
    </ClInclude>
    <ClInclude Include="pursueSteering.h">
      <Filter>steering_behaviors</Filter>
    </ClInclude>
    <ClInclude Include="seekSteering.h">
      <Filter>steering_behaviors</Filter>
    </ClInclude>
    <ClInclude Include="alignSteering.h">
      <Filter>steering_behaviors</Filter>
    </ClInclude>
    <ClInclude Include="alignToMovementSteering.h">
      <Filter>steering_behaviors</Filter>
    </ClInclude>
    <ClInclude Include="arriveSteering.h">
      <Filter>steering_behaviors</Filter>
    </ClInclude>
    <ClInclude Include="obstacleAvoidanceSteering.h">
      <Filter>steering_behaviors</Filter>
    </ClInclude>
    <ClInclude Include="map_node.h">
      <Filter>pathfinder</Filter>
    </ClInclude>
    <ClInclude Include="distance_condition.h">
      <Filter>state_machine</Filter>
    </ClInclude>
    <ClInclude Include="hit_condition.h">
      <Filter>state_machine</Filter>
    </ClInclude>
    <ClInclude Include="hit_action.h">
      <Filter>state_machine</Filter>
    </ClInclude>
    <ClInclude Include="dead_condition.h">
      <Filter>state_machine</Filter>
    </ClInclude>
    <ClInclude Include="change_sprite.h">
      <Filter>behavior_tree</Filter>
    </ClInclude>
    <ClInclude Include="death_action.h">
      <Filter>state_machine</Filter>
    </ClInclude>
    <ClInclude Include="idle_action.h">
      <Filter>state_machine</Filter>
    </ClInclude>
    <ClInclude Include="not_condition.h">
      <Filter>state_machine</Filter>
    </ClInclude>
    <ClInclude Include="chase_action.h">
      <Filter>state_machine</Filter>
    </ClInclude>
  </ItemGroup>
  <ItemGroup>
    <Filter Include="host">
      <UniqueIdentifier>{87717a51-4516-4c06-a1de-c6b89a5c16e0}</UniqueIdentifier>
    </Filter>
    <Filter Include="sample">
      <UniqueIdentifier>{dafee91e-18b1-4dd7-a488-726565484f1c}</UniqueIdentifier>
    </Filter>
    <Filter Include="pathfinder">
      <UniqueIdentifier>{04b95faf-fad6-42a2-ac1a-4aca1d2373b6}</UniqueIdentifier>
    </Filter>
    <Filter Include="state_machine">
      <UniqueIdentifier>{5f2c2b6e-d64f-40c7-946f-074e73cff5ea}</UniqueIdentifier>
    </Filter>
    <Filter Include="behavior_tree">
      <UniqueIdentifier>{03d67d3d-6bf2-472f-bd88-33d70a39dba0}</UniqueIdentifier>
    </Filter>
    <Filter Include="steering_behaviors">
      <UniqueIdentifier>{7d1870e2-55e7-4251-aa74-e5733165f009}</UniqueIdentifier>
    </Filter>
  </ItemGroup>
  <ItemGroup>
    <None Include="sample\test.lua">
      <Filter>sample</Filter>
    </None>
    <None Include="sample\test_multiple_images.lua">
      <Filter>sample</Filter>
    </None>
  </ItemGroup>
  <ItemGroup>
    <Xml Include="sample\params.xml">
      <Filter>sample</Filter>
    </Xml>
    <Xml Include="sample\path.xml">
      <Filter>sample</Filter>
    </Xml>
    <Xml Include="sample\obstacles.xml">
      <Filter>sample</Filter>
    </Xml>
    <Xml Include="sample\navmesh.xml">
      <Filter>sample</Filter>
    </Xml>
  </ItemGroup>
</Project>