<?xml version="1.0" encoding="utf-8"?>
<Project ToolsVersion="4.0" xmlns="http://schemas.microsoft.com/developer/msbuild/2003">
  <ItemGroup>
    <ClCompile Include="character.cpp" />
    <ClCompile Include="gameConfig.cpp" />
    <ClCompile Include="host\FolderWatcher-win.cpp">
      <Filter>host</Filter>
    </ClCompile>
    <ClCompile Include="host\GlutHost.cpp">
      <Filter>host</Filter>
    </ClCompile>
    <ClCompile Include="host\GlutHostMain.cpp">
      <Filter>host</Filter>
    </ClCompile>
    <ClCompile Include="host\ParticlePresets.cpp">
      <Filter>host</Filter>
    </ClCompile>
    <ClCompile Include="stdafx.cpp" />
    <ClCompile Include="params.cpp" />
    <ClCompile Include="seekSteering.cpp" />
    <ClCompile Include="arriveSteering.cpp" />
    <ClCompile Include="alignSteering.cpp" />
    <ClCompile Include="alignToMovementSteering.cpp" />
    <ClCompile Include="pathFollowingSteering.cpp" />
    <ClCompile Include="pathfinding\pathfinder.cpp">
      <Filter>pathfinder</Filter>
    </ClCompile>
    <ClCompile Include="pursueSteering.cpp" />
    <ClCompile Include="stateMachine.cpp">
      <Filter>state_machine</Filter>
    </ClCompile>
    <ClCompile Include="idle_state.cpp">
      <Filter>state_machine</Filter>
    </ClCompile>
    <ClCompile Include="change_sprite_action.cpp">
      <Filter>state_machine</Filter>
    </ClCompile>
    <ClCompile Include="enemy_seen_condition.cpp">
      <Filter>state_machine</Filter>
    </ClCompile>
    <ClCompile Include="state.cpp">
      <Filter>state_machine</Filter>
    </ClCompile>
    <ClCompile Include="DistanceCondition.cpp">
      <Filter>state_machine</Filter>
    </ClCompile>
    <ClCompile Include="transition.cpp">
      <Filter>state_machine</Filter>
    </ClCompile>
    <ClCompile Include="behavior.cpp">
      <Filter>behavior_tree</Filter>
    </ClCompile>
    <ClCompile Include="sequence.cpp">
      <Filter>behavior_tree</Filter>
    </ClCompile>
    <ClCompile Include="selector.cpp">
      <Filter>behavior_tree</Filter>
    </ClCompile>
  </ItemGroup>
  <ItemGroup>
    <ClInclude Include="character.h" />
    <ClInclude Include="gameConfig.h" />
    <ClInclude Include="host\FolderWatcher-win.h">
      <Filter>host</Filter>
    </ClInclude>
    <ClInclude Include="host\GlutHost.h">
      <Filter>host</Filter>
    </ClInclude>
    <ClInclude Include="host\ParticlePresets.h">
      <Filter>host</Filter>
    </ClInclude>
    <ClInclude Include="stdafx.h" />
    <ClInclude Include="params.h" />
    <ClInclude Include="baseSteering.h" />
    <ClInclude Include="seekSteering.h" />
    <ClInclude Include="arriveSteering.h" />
    <ClInclude Include="alignSteering.h" />
    <ClInclude Include="alignToMovementSteering.h" />
    <ClInclude Include="pathFollowingSteering.h" />
    <ClInclude Include="pathfinding\pathfinder.h">
      <Filter>pathfinder</Filter>
    </ClInclude>
    <ClInclude Include="pursueSteering.h" />
    <ClInclude Include="state.h">
      <Filter>state_machine</Filter>
    </ClInclude>
    <ClInclude Include="transition.h">
      <Filter>state_machine</Filter>
    </ClInclude>
    <ClInclude Include="condition.h">
      <Filter>state_machine</Filter>
    </ClInclude>
    <ClInclude Include="action.h">
      <Filter>state_machine</Filter>
    </ClInclude>
    <ClInclude Include="stateMachine.h">
      <Filter>state_machine</Filter>
    </ClInclude>
    <ClInclude Include="idle_state.h">
      <Filter>state_machine</Filter>
    </ClInclude>
    <ClInclude Include="change_sprite_action.h">
      <Filter>state_machine</Filter>
    </ClInclude>
    <ClInclude Include="enemy_seen_condition.h">
      <Filter>state_machine</Filter>
    </ClInclude>
    <ClInclude Include="enemy_close_condition.h">
      <Filter>state_machine</Filter>
    </ClInclude>
    <ClInclude Include="distanceCondition.h">
      <Filter>state_machine</Filter>
    </ClInclude>
    <ClInclude Include="behavior.h">
      <Filter>behavior_tree</Filter>
    </ClInclude>
    <ClInclude Include="group.h">
      <Filter>behavior_tree</Filter>
    </ClInclude>
    <ClInclude Include="sequence.h">
      <Filter>behavior_tree</Filter>
    </ClInclude>
    <ClInclude Include="selector.h">
      <Filter>behavior_tree</Filter>
    </ClInclude>
  </ItemGroup>
  <ItemGroup>
    <Filter Include="host">
      <UniqueIdentifier>{87717a51-4516-4c06-a1de-c6b89a5c16e0}</UniqueIdentifier>
    </Filter>
    <Filter Include="sample">
      <UniqueIdentifier>{dafee91e-18b1-4dd7-a488-726565484f1c}</UniqueIdentifier>
    </Filter>
    <Filter Include="pathfinder">
      <UniqueIdentifier>{04b95faf-fad6-42a2-ac1a-4aca1d2373b6}</UniqueIdentifier>
    </Filter>
    <Filter Include="state_machine">
      <UniqueIdentifier>{5f2c2b6e-d64f-40c7-946f-074e73cff5ea}</UniqueIdentifier>
    </Filter>
    <Filter Include="behavior_tree">
      <UniqueIdentifier>{4bb31518-590e-4a08-be94-d85e012a6a89}</UniqueIdentifier>
    </Filter>
  </ItemGroup>
  <ItemGroup>
    <None Include="sample\test.lua">
      <Filter>sample</Filter>
    </None>
    <None Include="sample\test_multiple_images.lua">
      <Filter>sample</Filter>
    </None>
  </ItemGroup>
  <ItemGroup>
    <Xml Include="sample\params.xml">
      <Filter>sample</Filter>
    </Xml>
    <Xml Include="sample\path.xml">
      <Filter>sample</Filter>
    </Xml>
  </ItemGroup>
</Project>