<?xml version="1.0" encoding="utf-8"?>
<Project ToolsVersion="4.0" xmlns="http://schemas.microsoft.com/developer/msbuild/2003">
  <ItemGroup>
    <ClCompile Include="character.cpp" />
    <ClCompile Include="gameConfig.cpp" />
    <ClCompile Include="host\FolderWatcher-win.cpp">
      <Filter>host</Filter>
    </ClCompile>
    <ClCompile Include="host\GlutHost.cpp">
      <Filter>host</Filter>
    </ClCompile>
    <ClCompile Include="host\GlutHostMain.cpp">
      <Filter>host</Filter>
    </ClCompile>
    <ClCompile Include="host\ParticlePresets.cpp">
      <Filter>host</Filter>
    </ClCompile>
    <ClCompile Include="stdafx.cpp" />
    <ClCompile Include="params.cpp" />
    <ClCompile Include="pathfinding\pathfinder.cpp">
      <Filter>pathfinder</Filter>
    </ClCompile>
    <ClCompile Include="state_machine\state.cpp">
      <Filter>state_machine</Filter>
    </ClCompile>
    <ClCompile Include="state_machine\state_machine.cpp">
      <Filter>state_machine</Filter>
    </ClCompile>
    <ClCompile Include="state_machine\transition.cpp">
      <Filter>state_machine</Filter>
    </ClCompile>
    <ClCompile Include="state_machine\actions\change_sprite_action.cpp">
      <Filter>state_machine\actions</Filter>
    </ClCompile>
    <ClCompile Include="state_machine\actions\chase_action.cpp">
      <Filter>state_machine\actions</Filter>
    </ClCompile>
    <ClCompile Include="state_machine\actions\death_action.cpp">
      <Filter>state_machine\actions</Filter>
    </ClCompile>
    <ClCompile Include="state_machine\actions\hit_action.cpp">
      <Filter>state_machine\actions</Filter>
    </ClCompile>
    <ClCompile Include="state_machine\actions\idle_action.cpp">
      <Filter>state_machine\actions</Filter>
    </ClCompile>
    <ClCompile Include="state_machine\conditions\dead_condition.cpp">
      <Filter>state_machine\conditions</Filter>
    </ClCompile>
    <ClCompile Include="state_machine\conditions\distance_condition.cpp">
      <Filter>state_machine\conditions</Filter>
    </ClCompile>
    <ClCompile Include="state_machine\conditions\hit_condition.cpp">
      <Filter>state_machine\conditions</Filter>
    </ClCompile>
    <ClCompile Include="steering_behaviors\alignSteering.cpp">
      <Filter>steering_behaviors</Filter>
    </ClCompile>
    <ClCompile Include="steering_behaviors\alignToMovementSteering.cpp">
      <Filter>steering_behaviors</Filter>
    </ClCompile>
    <ClCompile Include="steering_behaviors\arriveSteering.cpp">
      <Filter>steering_behaviors</Filter>
    </ClCompile>
    <ClCompile Include="steering_behaviors\obstacleAvoidanceSteering.cpp">
      <Filter>steering_behaviors</Filter>
    </ClCompile>
    <ClCompile Include="steering_behaviors\pathFollowingSteering.cpp">
      <Filter>steering_behaviors</Filter>
    </ClCompile>
    <ClCompile Include="steering_behaviors\pursueSteering.cpp">
      <Filter>steering_behaviors</Filter>
    </ClCompile>
    <ClCompile Include="steering_behaviors\seekSteering.cpp">
      <Filter>steering_behaviors</Filter>
    </ClCompile>
    <ClCompile Include="behavior_tree\behavior.cpp">
      <Filter>behavior_tree</Filter>
    </ClCompile>
    <ClCompile Include="behavior_tree\behavior_tree.cpp">
      <Filter>behavior_tree</Filter>
    </ClCompile>
    <ClCompile Include="behavior_tree\group.cpp">
      <Filter>behavior_tree</Filter>
    </ClCompile>
    <ClCompile Include="behavior_tree\selector.cpp">
      <Filter>behavior_tree</Filter>
    </ClCompile>
    <ClCompile Include="behavior_tree\sequence.cpp">
      <Filter>behavior_tree</Filter>
    </ClCompile>
    <ClCompile Include="behavior_tree\actions\change_sprite.cpp">
      <Filter>behavior_tree\actions</Filter>
    </ClCompile>
    <ClCompile Include="behavior_tree\actions\death.cpp">
      <Filter>behavior_tree\actions</Filter>
    </ClCompile>
    <ClCompile Include="behavior_tree\actions\hit.cpp">
      <Filter>behavior_tree\actions</Filter>
    </ClCompile>
    <ClCompile Include="behavior_tree\actions\idle.cpp">
      <Filter>behavior_tree\actions</Filter>
    </ClCompile>
    <ClCompile Include="behavior_tree\conditions\check_hit.cpp">
      <Filter>behavior_tree\conditions</Filter>
    </ClCompile>
    <ClCompile Include="pathfinding\map_node.cpp">
      <Filter>pathfinder</Filter>
    </ClCompile>
    <ClCompile Include="behavior_tree\conditions\check_dead.cpp">
      <Filter>behavior_tree\conditions</Filter>
    </ClCompile>
    <ClCompile Include="behavior_tree\conditions\check_distance.cpp">
      <Filter>behavior_tree\conditions</Filter>
    </ClCompile>
    <ClCompile Include="behavior_tree\actions\chase.cpp">
      <Filter>behavior_tree\actions</Filter>
    </ClCompile>
  </ItemGroup>
  <ItemGroup>
    <ClInclude Include="character.h" />
    <ClInclude Include="gameConfig.h" />
    <ClInclude Include="host\FolderWatcher-win.h">
      <Filter>host</Filter>
    </ClInclude>
    <ClInclude Include="host\GlutHost.h">
      <Filter>host</Filter>
    </ClInclude>
    <ClInclude Include="host\ParticlePresets.h">
      <Filter>host</Filter>
    </ClInclude>
    <ClInclude Include="stdafx.h" />
    <ClInclude Include="params.h" />
    <ClInclude Include="pathfinding\pathfinder.h">
      <Filter>pathfinder</Filter>
    </ClInclude>
    <ClInclude Include="state_machine\action.h">
      <Filter>state_machine</Filter>
    </ClInclude>
    <ClInclude Include="state_machine\condition.h">
      <Filter>state_machine</Filter>
    </ClInclude>
    <ClInclude Include="state_machine\state.h">
      <Filter>state_machine</Filter>
    </ClInclude>
    <ClInclude Include="state_machine\state_machine.h">
      <Filter>state_machine</Filter>
    </ClInclude>
    <ClInclude Include="state_machine\transition.h">
      <Filter>state_machine</Filter>
    </ClInclude>
    <ClInclude Include="state_machine\actions\change_sprite_action.h">
      <Filter>state_machine\actions</Filter>
    </ClInclude>
    <ClInclude Include="state_machine\actions\chase_action.h">
      <Filter>state_machine\actions</Filter>
    </ClInclude>
    <ClInclude Include="state_machine\actions\death_action.h">
      <Filter>state_machine\actions</Filter>
    </ClInclude>
    <ClInclude Include="state_machine\actions\hit_action.h">
      <Filter>state_machine\actions</Filter>
    </ClInclude>
    <ClInclude Include="state_machine\actions\idle_action.h">
      <Filter>state_machine\actions</Filter>
    </ClInclude>
    <ClInclude Include="state_machine\conditions\dead_condition.h">
      <Filter>state_machine\conditions</Filter>
    </ClInclude>
    <ClInclude Include="state_machine\conditions\distance_condition.h">
      <Filter>state_machine\conditions</Filter>
    </ClInclude>
    <ClInclude Include="state_machine\conditions\hit_condition.h">
      <Filter>state_machine\conditions</Filter>
    </ClInclude>
    <ClInclude Include="state_machine\conditions\not_condition.h">
      <Filter>state_machine\conditions</Filter>
    </ClInclude>
    <ClInclude Include="steering_behaviors\alignSteering.h">
      <Filter>steering_behaviors</Filter>
    </ClInclude>
    <ClInclude Include="steering_behaviors\alignToMovementSteering.h">
      <Filter>steering_behaviors</Filter>
    </ClInclude>
    <ClInclude Include="steering_behaviors\arriveSteering.h">
      <Filter>steering_behaviors</Filter>
    </ClInclude>
    <ClInclude Include="steering_behaviors\baseSteering.h">
      <Filter>steering_behaviors</Filter>
    </ClInclude>
    <ClInclude Include="steering_behaviors\obstacleAvoidanceSteering.h">
      <Filter>steering_behaviors</Filter>
    </ClInclude>
    <ClInclude Include="steering_behaviors\pathFollowingSteering.h">
      <Filter>steering_behaviors</Filter>
    </ClInclude>
    <ClInclude Include="steering_behaviors\pursueSteering.h">
      <Filter>steering_behaviors</Filter>
    </ClInclude>
    <ClInclude Include="steering_behaviors\seekSteering.h">
      <Filter>steering_behaviors</Filter>
    </ClInclude>
    <ClInclude Include="behavior_tree\behavior.h">
      <Filter>behavior_tree</Filter>
    </ClInclude>
    <ClInclude Include="behavior_tree\behavior_tree.h">
      <Filter>behavior_tree</Filter>
    </ClInclude>
    <ClInclude Include="behavior_tree\group.h">
      <Filter>behavior_tree</Filter>
    </ClInclude>
    <ClInclude Include="behavior_tree\selector.h">
      <Filter>behavior_tree</Filter>
    </ClInclude>
    <ClInclude Include="behavior_tree\sequence.h">
      <Filter>behavior_tree</Filter>
    </ClInclude>
    <ClInclude Include="behavior_tree\actions\change_sprite.h">
      <Filter>behavior_tree\actions</Filter>
    </ClInclude>
    <ClInclude Include="behavior_tree\actions\death.h">
      <Filter>behavior_tree\actions</Filter>
    </ClInclude>
    <ClInclude Include="behavior_tree\actions\hit.h">
      <Filter>behavior_tree\actions</Filter>
    </ClInclude>
    <ClInclude Include="behavior_tree\actions\idle.h">
      <Filter>behavior_tree\actions</Filter>
    </ClInclude>
    <ClInclude Include="behavior_tree\conditions\check_hit.h">
      <Filter>behavior_tree\conditions</Filter>
    </ClInclude>
    <ClInclude Include="pathfinding\map_node.h">
      <Filter>pathfinder</Filter>
    </ClInclude>
    <ClInclude Include="behavior_tree\conditions\check_dead.h">
      <Filter>behavior_tree\conditions</Filter>
    </ClInclude>
    <ClInclude Include="behavior_tree\conditions\check_distance.h">
      <Filter>behavior_tree\conditions</Filter>
    </ClInclude>
    <ClInclude Include="behavior_tree\actions\chase.h">
      <Filter>behavior_tree\actions</Filter>
    </ClInclude>
  </ItemGroup>
  <ItemGroup>
    <Filter Include="host">
      <UniqueIdentifier>{87717a51-4516-4c06-a1de-c6b89a5c16e0}</UniqueIdentifier>
    </Filter>
    <Filter Include="sample">
      <UniqueIdentifier>{dafee91e-18b1-4dd7-a488-726565484f1c}</UniqueIdentifier>
    </Filter>
    <Filter Include="pathfinder">
      <UniqueIdentifier>{04b95faf-fad6-42a2-ac1a-4aca1d2373b6}</UniqueIdentifier>
    </Filter>
    <Filter Include="state_machine">
      <UniqueIdentifier>{5f2c2b6e-d64f-40c7-946f-074e73cff5ea}</UniqueIdentifier>
    </Filter>
    <Filter Include="behavior_tree">
      <UniqueIdentifier>{03d67d3d-6bf2-472f-bd88-33d70a39dba0}</UniqueIdentifier>
    </Filter>
    <Filter Include="steering_behaviors">
      <UniqueIdentifier>{7d1870e2-55e7-4251-aa74-e5733165f009}</UniqueIdentifier>
    </Filter>
    <Filter Include="state_machine\actions">
      <UniqueIdentifier>{d402eeb7-f8d5-42ee-b0d7-4ab6cd5c80cc}</UniqueIdentifier>
    </Filter>
    <Filter Include="state_machine\conditions">
      <UniqueIdentifier>{853ee500-a0f4-4d52-88c8-84fc820ed0a9}</UniqueIdentifier>
    </Filter>
    <Filter Include="behavior_tree\actions">
      <UniqueIdentifier>{58d5c7f7-bc7d-4f3b-a73f-0f1b343e6960}</UniqueIdentifier>
    </Filter>
    <Filter Include="behavior_tree\conditions">
      <UniqueIdentifier>{53003ba2-20f1-462e-a0af-603c86039e5a}</UniqueIdentifier>
    </Filter>
  </ItemGroup>
  <ItemGroup>
    <None Include="sample\test.lua">
      <Filter>sample</Filter>
    </None>
    <None Include="sample\test_multiple_images.lua">
      <Filter>sample</Filter>
    </None>
  </ItemGroup>
  <ItemGroup>
    <Xml Include="sample\params.xml">
      <Filter>sample</Filter>
    </Xml>
    <Xml Include="sample\path.xml">
      <Filter>sample</Filter>
    </Xml>
    <Xml Include="sample\obstacles.xml">
      <Filter>sample</Filter>
    </Xml>
    <Xml Include="sample\navmesh.xml">
      <Filter>sample</Filter>
    </Xml>
  </ItemGroup>
</Project>